
Microsoft Visual Studio Solution File, Format Version 12.00
# Visual Studio 2013
VisualStudioVersion = 12.0.30723.0
MinimumVisualStudioVersion = 10.0.40219.1
Project("{FAE04EC0-301F-11D3-BF4B-00C04F79EFBC}") = "UnityTest", "UnityTest\UnityTest.csproj", "{959C8CCE-3149-471A-9D54-26A204D84C58}"
EndProject
Project("{FAE04EC0-301F-11D3-BF4B-00C04F79EFBC}") = "UnityComponent", "UnityComponent\UnityComponent.csproj", "{4EE90100-C2F7-46CC-8927-6744DFD44CFA}"
EndProject
Global
	GlobalSection(SolutionConfigurationPlatforms) = preSolution
		Debug|Any CPU = Debug|Any CPU
		Release|Any CPU = Release|Any CPU
	EndGlobalSection
	GlobalSection(ProjectConfigurationPlatforms) = postSolution
		{959C8CCE-3149-471A-9D54-26A204D84C58}.Debug|Any CPU.ActiveCfg = Debug|Any CPU
		{959C8CCE-3149-471A-9D54-26A204D84C58}.Debug|Any CPU.Build.0 = Debug|Any CPU
		{959C8CCE-3149-471A-9D54-26A204D84C58}.Release|Any CPU.ActiveCfg = Release|Any CPU
		{959C8CCE-3149-471A-9D54-26A204D84C58}.Release|Any CPU.Build.0 = Release|Any CPU
		{4EE90100-C2F7-46CC-8927-6744DFD44CFA}.Debug|Any CPU.ActiveCfg = Debug|Any CPU
		{4EE90100-C2F7-46CC-8927-6744DFD44CFA}.Debug|Any CPU.Build.0 = Debug|Any CPU
		{4EE90100-C2F7-46CC-8927-6744DFD44CFA}.Release|Any CPU.ActiveCfg = Release|Any CPU
		{4EE90100-C2F7-46CC-8927-6744DFD44CFA}.Release|Any CPU.Build.0 = Release|Any CPU
	EndGlobalSection
	GlobalSection(SolutionProperties) = preSolution
		HideSolutionNode = FALSE
	EndGlobalSection
EndGlobal
